// !$*UTF8*$!
{
	archiveVersion = 1;
	classes = {
	};
	objectVersion = 46;
	objects = {

/* Begin PBXBuildFile section */
		765C2FE5148B8F6500BD5654 /* Cocoa.framework in Frameworks */ = {isa = PBXBuildFile; fileRef = 765C2FE4148B8F6500BD5654 /* Cocoa.framework */; };
		765C2FEF148B8F6500BD5654 /* InfoPlist.strings in Resources */ = {isa = PBXBuildFile; fileRef = 765C2FED148B8F6500BD5654 /* InfoPlist.strings */; };
		765C2FF7148B8FFA00BD5654 /* Adium.framework in Frameworks */ = {isa = PBXBuildFile; fileRef = 765C2FF6148B8FFA00BD5654 /* Adium.framework */; };
		765C2FFD148B906400BD5654 /* AIIPPlugin.m in Sources */ = {isa = PBXBuildFile; fileRef = 765C2FFC148B906400BD5654 /* AIIPPlugin.m */; };
		765C3000148B916600BD5654 /* AIIPService.m in Sources */ = {isa = PBXBuildFile; fileRef = 765C2FFF148B916600BD5654 /* AIIPService.m */; };
		765C3003148B930100BD5654 /* AIIPAccount.m in Sources */ = {isa = PBXBuildFile; fileRef = 765C3002148B930100BD5654 /* AIIPAccount.m */; };
		765C3005148B948700BD5654 /* ChatCore.framework in Frameworks */ = {isa = PBXBuildFile; fileRef = 765C3004148B948700BD5654 /* ChatCore.framework */; };
		765C3007148B982500BD5654 /* ChatCore.framework in CopyFiles */ = {isa = PBXBuildFile; fileRef = 765C3004148B948700BD5654 /* ChatCore.framework */; };
		765C3027148B9D5A00BD5654 /* TCMPortMapper.framework in Frameworks */ = {isa = PBXBuildFile; fileRef = 765C3026148B9D5900BD5654 /* TCMPortMapper.framework */; };
		765C3028148B9D5F00BD5654 /* TCMPortMapper.framework in CopyFiles */ = {isa = PBXBuildFile; fileRef = 765C3026148B9D5900BD5654 /* TCMPortMapper.framework */; };
		765C302B148BA27500BD5654 /* AIIPAccountViewController.m in Sources */ = {isa = PBXBuildFile; fileRef = 765C302A148BA27500BD5654 /* AIIPAccountViewController.m */; };
		765C302E148BA37900BD5654 /* AIIPAccountView.nib in Resources */ = {isa = PBXBuildFile; fileRef = 765C302D148BA37900BD5654 /* AIIPAccountView.nib */; };
		765C3031148BABAF00BD5654 /* AIIPJoinChatViewController.m in Sources */ = {isa = PBXBuildFile; fileRef = 765C3030148BABAF00BD5654 /* AIIPJoinChatViewController.m */; };
		765C3033148BAC1300BD5654 /* AIIPJoinChatView.nib in Resources */ = {isa = PBXBuildFile; fileRef = 765C3032148BAC1300BD5654 /* AIIPJoinChatView.nib */; };
/* End PBXBuildFile section */

/* Begin PBXCopyFilesBuildPhase section */
		765C3006148B981A00BD5654 /* CopyFiles */ = {
			isa = PBXCopyFilesBuildPhase;
			buildActionMask = 2147483647;
			dstPath = "";
			dstSubfolderSpec = 10;
			files = (
				765C3007148B982500BD5654 /* ChatCore.framework in CopyFiles */,
				765C3028148B9D5F00BD5654 /* TCMPortMapper.framework in CopyFiles */,
			);
			runOnlyForDeploymentPostprocessing = 0;
		};
/* End PBXCopyFilesBuildPhase section */

/* Begin PBXFileReference section */
		765C2FE1148B8F6500BD5654 /* IRC++.adiumPlugin */ = {isa = PBXFileReference; explicitFileType = wrapper.cfbundle; includeInIndex = 0; path = "IRC++.adiumPlugin"; sourceTree = BUILT_PRODUCTS_DIR; };
		765C2FE4148B8F6500BD5654 /* Cocoa.framework */ = {isa = PBXFileReference; lastKnownFileType = wrapper.framework; name = Cocoa.framework; path = System/Library/Frameworks/Cocoa.framework; sourceTree = SDKROOT; };
		765C2FE7148B8F6500BD5654 /* AppKit.framework */ = {isa = PBXFileReference; lastKnownFileType = wrapper.framework; name = AppKit.framework; path = System/Library/Frameworks/AppKit.framework; sourceTree = SDKROOT; };
		765C2FE8148B8F6500BD5654 /* CoreData.framework */ = {isa = PBXFileReference; lastKnownFileType = wrapper.framework; name = CoreData.framework; path = System/Library/Frameworks/CoreData.framework; sourceTree = SDKROOT; };
		765C2FE9148B8F6500BD5654 /* Foundation.framework */ = {isa = PBXFileReference; lastKnownFileType = wrapper.framework; name = Foundation.framework; path = System/Library/Frameworks/Foundation.framework; sourceTree = SDKROOT; };
		765C2FEC148B8F6500BD5654 /* IRC++-Info.plist */ = {isa = PBXFileReference; lastKnownFileType = text.plist.xml; path = "IRC++-Info.plist"; sourceTree = "<group>"; };
		765C2FEE148B8F6500BD5654 /* en */ = {isa = PBXFileReference; lastKnownFileType = text.plist.strings; name = en; path = en.lproj/InfoPlist.strings; sourceTree = "<group>"; };
		765C2FF0148B8F6500BD5654 /* IRC++-Prefix.pch */ = {isa = PBXFileReference; lastKnownFileType = sourcecode.c.h; path = "IRC++-Prefix.pch"; sourceTree = "<group>"; };
		765C2FF6148B8FFA00BD5654 /* Adium.framework */ = {isa = PBXFileReference; lastKnownFileType = wrapper.framework; name = Adium.framework; path = ../adium3/build/Debug/Adium.framework; sourceTree = "<group>"; };
		765C2FFB148B906400BD5654 /* AIIPPlugin.h */ = {isa = PBXFileReference; fileEncoding = 4; lastKnownFileType = sourcecode.c.h; name = AIIPPlugin.h; path = Source/AIIPPlugin.h; sourceTree = "<group>"; };
		765C2FFC148B906400BD5654 /* AIIPPlugin.m */ = {isa = PBXFileReference; fileEncoding = 4; lastKnownFileType = sourcecode.c.objc; name = AIIPPlugin.m; path = Source/AIIPPlugin.m; sourceTree = "<group>"; };
		765C2FFE148B916600BD5654 /* AIIPService.h */ = {isa = PBXFileReference; fileEncoding = 4; lastKnownFileType = sourcecode.c.h; name = AIIPService.h; path = Source/AIIPService.h; sourceTree = "<group>"; };
		765C2FFF148B916600BD5654 /* AIIPService.m */ = {isa = PBXFileReference; fileEncoding = 4; lastKnownFileType = sourcecode.c.objc; name = AIIPService.m; path = Source/AIIPService.m; sourceTree = "<group>"; };
		765C3001148B930100BD5654 /* AIIPAccount.h */ = {isa = PBXFileReference; fileEncoding = 4; lastKnownFileType = sourcecode.c.h; name = AIIPAccount.h; path = Source/AIIPAccount.h; sourceTree = "<group>"; };
		765C3002148B930100BD5654 /* AIIPAccount.m */ = {isa = PBXFileReference; fileEncoding = 4; lastKnownFileType = sourcecode.c.objc; name = AIIPAccount.m; path = Source/AIIPAccount.m; sourceTree = "<group>"; };
		765C3004148B948700BD5654 /* ChatCore.framework */ = {isa = PBXFileReference; lastKnownFileType = wrapper.framework; name = ChatCore.framework; path = "IRC++/Frameworks/ChatCore.framework"; sourceTree = "<group>"; };
		765C3026148B9D5900BD5654 /* TCMPortMapper.framework */ = {isa = PBXFileReference; lastKnownFileType = wrapper.framework; name = TCMPortMapper.framework; path = "IRC++/Frameworks/TCMPortMapper.framework"; sourceTree = "<group>"; };
		765C3029148BA27500BD5654 /* AIIPAccountViewController.h */ = {isa = PBXFileReference; fileEncoding = 4; lastKnownFileType = sourcecode.c.h; path = AIIPAccountViewController.h; sourceTree = "<group>"; };
		765C302A148BA27500BD5654 /* AIIPAccountViewController.m */ = {isa = PBXFileReference; fileEncoding = 4; lastKnownFileType = sourcecode.c.objc; path = AIIPAccountViewController.m; sourceTree = "<group>"; };
		765C302D148BA37900BD5654 /* AIIPAccountView.nib */ = {isa = PBXFileReference; lastKnownFileType = wrapper.nib; name = AIIPAccountView.nib; path = Resources/AIIPAccountView.nib; sourceTree = "<group>"; };
		765C302F148BABAF00BD5654 /* AIIPJoinChatViewController.h */ = {isa = PBXFileReference; fileEncoding = 4; lastKnownFileType = sourcecode.c.h; name = AIIPJoinChatViewController.h; path = Source/AIIPJoinChatViewController.h; sourceTree = "<group>"; };
		765C3030148BABAF00BD5654 /* AIIPJoinChatViewController.m */ = {isa = PBXFileReference; fileEncoding = 4; lastKnownFileType = sourcecode.c.objc; name = AIIPJoinChatViewController.m; path = Source/AIIPJoinChatViewController.m; sourceTree = "<group>"; };
		765C3032148BAC1300BD5654 /* AIIPJoinChatView.nib */ = {isa = PBXFileReference; lastKnownFileType = wrapper.nib; name = AIIPJoinChatView.nib; path = Resources/AIIPJoinChatView.nib; sourceTree = "<group>"; };
/* End PBXFileReference section */

/* Begin PBXFrameworksBuildPhase section */
		765C2FDE148B8F6500BD5654 /* Frameworks */ = {
			isa = PBXFrameworksBuildPhase;
			buildActionMask = 2147483647;
			files = (
				765C2FE5148B8F6500BD5654 /* Cocoa.framework in Frameworks */,
				765C2FF7148B8FFA00BD5654 /* Adium.framework in Frameworks */,
				765C3005148B948700BD5654 /* ChatCore.framework in Frameworks */,
				765C3027148B9D5A00BD5654 /* TCMPortMapper.framework in Frameworks */,
			);
			runOnlyForDeploymentPostprocessing = 0;
		};
/* End PBXFrameworksBuildPhase section */

/* Begin PBXGroup section */
		765C2FD6148B8F6500BD5654 = {
			isa = PBXGroup;
			children = (
				765C2FEA148B8F6500BD5654 /* IRC++ */,
				765C2FE3148B8F6500BD5654 /* Frameworks */,
				765C2FE2148B8F6500BD5654 /* Products */,
			);
			sourceTree = "<group>";
		};
		765C2FE2148B8F6500BD5654 /* Products */ = {
			isa = PBXGroup;
			children = (
				765C2FE1148B8F6500BD5654 /* IRC++.adiumPlugin */,
			);
			name = Products;
			sourceTree = "<group>";
		};
		765C2FE3148B8F6500BD5654 /* Frameworks */ = {
			isa = PBXGroup;
			children = (
				765C3026148B9D5900BD5654 /* TCMPortMapper.framework */,
				765C3004148B948700BD5654 /* ChatCore.framework */,
				765C2FF6148B8FFA00BD5654 /* Adium.framework */,
				765C2FE4148B8F6500BD5654 /* Cocoa.framework */,
				765C2FE6148B8F6500BD5654 /* Other Frameworks */,
			);
			name = Frameworks;
			sourceTree = "<group>";
		};
		765C2FE6148B8F6500BD5654 /* Other Frameworks */ = {
			isa = PBXGroup;
			children = (
				765C2FE7148B8F6500BD5654 /* AppKit.framework */,
				765C2FE8148B8F6500BD5654 /* CoreData.framework */,
				765C2FE9148B8F6500BD5654 /* Foundation.framework */,
			);
			name = "Other Frameworks";
			sourceTree = "<group>";
		};
		765C2FEA148B8F6500BD5654 /* IRC++ */ = {
			isa = PBXGroup;
			children = (
				765C302C148BA35600BD5654 /* Resources */,
				765C2FFA148B903C00BD5654 /* Source */,
				765C2FEB148B8F6500BD5654 /* Supporting Files */,
			);
			path = "IRC++";
			sourceTree = "<group>";
		};
		765C2FEB148B8F6500BD5654 /* Supporting Files */ = {
			isa = PBXGroup;
			children = (
				765C2FEC148B8F6500BD5654 /* IRC++-Info.plist */,
				765C2FED148B8F6500BD5654 /* InfoPlist.strings */,
				765C2FF0148B8F6500BD5654 /* IRC++-Prefix.pch */,
			);
			name = "Supporting Files";
			sourceTree = "<group>";
		};
		765C2FFA148B903C00BD5654 /* Source */ = {
			isa = PBXGroup;
			children = (
				765C3029148BA27500BD5654 /* AIIPAccountViewController.h */,
				765C302A148BA27500BD5654 /* AIIPAccountViewController.m */,
				765C2FFB148B906400BD5654 /* AIIPPlugin.h */,
				765C2FFC148B906400BD5654 /* AIIPPlugin.m */,
				765C2FFE148B916600BD5654 /* AIIPService.h */,
				765C2FFF148B916600BD5654 /* AIIPService.m */,
				765C3001148B930100BD5654 /* AIIPAccount.h */,
				765C3002148B930100BD5654 /* AIIPAccount.m */,
				765C302F148BABAF00BD5654 /* AIIPJoinChatViewController.h */,
				765C3030148BABAF00BD5654 /* AIIPJoinChatViewController.m */,
			);
			name = Source;
			sourceTree = "<group>";
		};
		765C302C148BA35600BD5654 /* Resources */ = {
			isa = PBXGroup;
			children = (
				765C302D148BA37900BD5654 /* AIIPAccountView.nib */,
				765C3032148BAC1300BD5654 /* AIIPJoinChatView.nib */,
			);
			name = Resources;
			sourceTree = "<group>";
		};
/* End PBXGroup section */

/* Begin PBXNativeTarget section */
		765C2FE0148B8F6500BD5654 /* IRC++ */ = {
			isa = PBXNativeTarget;
			buildConfigurationList = 765C2FF3148B8F6500BD5654 /* Build configuration list for PBXNativeTarget "IRC++" */;
			buildPhases = (
				765C2FDD148B8F6500BD5654 /* Sources */,
				765C2FDE148B8F6500BD5654 /* Frameworks */,
				765C2FDF148B8F6500BD5654 /* Resources */,
				765C3006148B981A00BD5654 /* CopyFiles */,
			);
			buildRules = (
			);
			dependencies = (
			);
			name = "IRC++";
			productName = "IRC++";
			productReference = 765C2FE1148B8F6500BD5654 /* IRC++.adiumPlugin */;
			productType = "com.apple.product-type.bundle";
		};
/* End PBXNativeTarget section */

/* Begin PBXProject section */
		765C2FD8148B8F6500BD5654 /* Project object */ = {
			isa = PBXProject;
			attributes = {
				LastUpgradeCheck = 0420;
			};
			buildConfigurationList = 765C2FDB148B8F6500BD5654 /* Build configuration list for PBXProject "IRC++" */;
			compatibilityVersion = "Xcode 3.2";
			developmentRegion = English;
			hasScannedForEncodings = 0;
			knownRegions = (
				en,
			);
			mainGroup = 765C2FD6148B8F6500BD5654;
			productRefGroup = 765C2FE2148B8F6500BD5654 /* Products */;
			projectDirPath = "";
			projectRoot = "";
			targets = (
				765C2FE0148B8F6500BD5654 /* IRC++ */,
			);
		};
/* End PBXProject section */

/* Begin PBXResourcesBuildPhase section */
		765C2FDF148B8F6500BD5654 /* Resources */ = {
			isa = PBXResourcesBuildPhase;
			buildActionMask = 2147483647;
			files = (
				765C2FEF148B8F6500BD5654 /* InfoPlist.strings in Resources */,
				765C302E148BA37900BD5654 /* AIIPAccountView.nib in Resources */,
				765C3033148BAC1300BD5654 /* AIIPJoinChatView.nib in Resources */,
			);
			runOnlyForDeploymentPostprocessing = 0;
		};
/* End PBXResourcesBuildPhase section */

/* Begin PBXSourcesBuildPhase section */
		765C2FDD148B8F6500BD5654 /* Sources */ = {
			isa = PBXSourcesBuildPhase;
			buildActionMask = 2147483647;
			files = (
				765C2FFD148B906400BD5654 /* AIIPPlugin.m in Sources */,
				765C3000148B916600BD5654 /* AIIPService.m in Sources */,
				765C3003148B930100BD5654 /* AIIPAccount.m in Sources */,
				765C302B148BA27500BD5654 /* AIIPAccountViewController.m in Sources */,
				765C3031148BABAF00BD5654 /* AIIPJoinChatViewController.m in Sources */,
			);
			runOnlyForDeploymentPostprocessing = 0;
		};
/* End PBXSourcesBuildPhase section */

/* Begin PBXVariantGroup section */
		765C2FED148B8F6500BD5654 /* InfoPlist.strings */ = {
			isa = PBXVariantGroup;
			children = (
				765C2FEE148B8F6500BD5654 /* en */,
			);
			name = InfoPlist.strings;
			sourceTree = "<group>";
		};
/* End PBXVariantGroup section */

/* Begin XCBuildConfiguration section */
		765C2FF1148B8F6500BD5654 /* Debug */ = {
			isa = XCBuildConfiguration;
			buildSettings = {
				ALWAYS_SEARCH_USER_PATHS = NO;
				ARCHS = "$(ARCHS_STANDARD_64_BIT)";
				COPY_PHASE_STRIP = NO;
				GCC_C_LANGUAGE_STANDARD = gnu99;
				GCC_DYNAMIC_NO_PIC = NO;
				GCC_ENABLE_OBJC_EXCEPTIONS = YES;
				GCC_OPTIMIZATION_LEVEL = 0;
				GCC_PREPROCESSOR_DEFINITIONS = (
					"DEBUG=1",
					"$(inherited)",
				);
				GCC_SYMBOLS_PRIVATE_EXTERN = NO;
				GCC_VERSION = com.apple.compilers.llvm.clang.1_0;
				GCC_WARN_64_TO_32_BIT_CONVERSION = YES;
				GCC_WARN_ABOUT_MISSING_PROTOTYPES = YES;
				GCC_WARN_ABOUT_RETURN_TYPE = YES;
				GCC_WARN_UNUSED_VARIABLE = YES;
				MACOSX_DEPLOYMENT_TARGET = 10.6;
				ONLY_ACTIVE_ARCH = YES;
				SDKROOT = macosx10.6;
			};
			name = Debug;
		};
		765C2FF2148B8F6500BD5654 /* Release */ = {
			isa = XCBuildConfiguration;
			buildSettings = {
				ALWAYS_SEARCH_USER_PATHS = NO;
				ARCHS = "$(ARCHS_STANDARD_64_BIT)";
				COPY_PHASE_STRIP = YES;
				DEBUG_INFORMATION_FORMAT = "dwarf-with-dsym";
				GCC_C_LANGUAGE_STANDARD = gnu99;
				GCC_ENABLE_OBJC_EXCEPTIONS = YES;
				GCC_VERSION = com.apple.compilers.llvm.clang.1_0;
				GCC_WARN_64_TO_32_BIT_CONVERSION = YES;
				GCC_WARN_ABOUT_MISSING_PROTOTYPES = YES;
				GCC_WARN_ABOUT_RETURN_TYPE = YES;
				GCC_WARN_UNUSED_VARIABLE = YES;
				MACOSX_DEPLOYMENT_TARGET = 10.6;
				SDKROOT = macosx10.6;
			};
			name = Release;
		};
		765C2FF4148B8F6500BD5654 /* Debug */ = {
			isa = XCBuildConfiguration;
			buildSettings = {
				FRAMEWORK_SEARCH_PATHS = (
					"$(inherited)",
					"\"$(SRCROOT)/../adium3/build/Debug\"",
					"\"$(SRCROOT)/IRC++/Frameworks\"",
					"\"$(SRCROOT)\"",
				);
				GCC_PRECOMPILE_PREFIX_HEADER = YES;
				GCC_PREFIX_HEADER = "IRC++/IRC++-Prefix.pch";
				INFOPLIST_FILE = "IRC++/IRC++-Info.plist";
				INSTALL_PATH = "“$(HOME)/Library/Application Support/Adium 2.0/PlugIns/”";
				PRODUCT_NAME = "$(TARGET_NAME)";
				WRAPPER_EXTENSION = adiumPlugin;
			};
			name = Debug;
		};
		765C2FF5148B8F6500BD5654 /* Release */ = {
			isa = XCBuildConfiguration;
			buildSettings = {
				FRAMEWORK_SEARCH_PATHS = (
					"$(inherited)",
					"\"$(SRCROOT)/../adium3/build/Debug\"",
					"\"$(SRCROOT)/IRC++/Frameworks\"",
					"\"$(SRCROOT)\"",
				);
				GCC_PRECOMPILE_PREFIX_HEADER = YES;
				GCC_PREFIX_HEADER = "IRC++/IRC++-Prefix.pch";
				INFOPLIST_FILE = "IRC++/IRC++-Info.plist";
				INSTALL_PATH = "“$(HOME)/Library/Application Support/Adium 2.0/PlugIns/”";
				PRODUCT_NAME = "$(TARGET_NAME)";
				WRAPPER_EXTENSION = adiumPlugin;
			};
			name = Release;
		};
/* End XCBuildConfiguration section */

/* Begin XCConfigurationList section */
		765C2FDB148B8F6500BD5654 /* Build configuration list for PBXProject "IRC++" */ = {
			isa = XCConfigurationList;
			buildConfigurations = (
				765C2FF1148B8F6500BD5654 /* Debug */,
				765C2FF2148B8F6500BD5654 /* Release */,
			);
			defaultConfigurationIsVisible = 0;
			defaultConfigurationName = Release;
		};
		765C2FF3148B8F6500BD5654 /* Build configuration list for PBXNativeTarget "IRC++" */ = {
			isa = XCConfigurationList;
			buildConfigurations = (
				765C2FF4148B8F6500BD5654 /* Debug */,
				765C2FF5148B8F6500BD5654 /* Release */,
			);
			defaultConfigurationIsVisible = 0;
		};
/* End XCConfigurationList section */
	};
	rootObject = 765C2FD8148B8F6500BD5654 /* Project object */;
}
